
Microsoft Visual Studio Solution File, Format Version 12.00
# Visual Studio 15
VisualStudioVersion = 15.0.27428.2043
MinimumVisualStudioVersion = 10.0.40219.1
Project("{FAE04EC0-301F-11D3-BF4B-00C04F79EFBC}") = "CinemaTicketSystemDisplayApp", "CinemaTicketSystemDisplayApp\CinemaTicketSystemDisplayApp.csproj", "{ECC20F8A-A963-4460-9010-A86F7FDAF998}"
EndProject
Global
	GlobalSection(SolutionConfigurationPlatforms) = preSolution
		Debug|Any CPU = Debug|Any CPU
		Release|Any CPU = Release|Any CPU
	EndGlobalSection
	GlobalSection(ProjectConfigurationPlatforms) = postSolution
		{ECC20F8A-A963-4460-9010-A86F7FDAF998}.Debug|Any CPU.ActiveCfg = Debug|Any CPU
		{ECC20F8A-A963-4460-9010-A86F7FDAF998}.Debug|Any CPU.Build.0 = Debug|Any CPU
		{ECC20F8A-A963-4460-9010-A86F7FDAF998}.Release|Any CPU.ActiveCfg = Release|Any CPU
		{ECC20F8A-A963-4460-9010-A86F7FDAF998}.Release|Any CPU.Build.0 = Release|Any CPU
	EndGlobalSection
	GlobalSection(SolutionProperties) = preSolution
		HideSolutionNode = FALSE
	EndGlobalSection
	GlobalSection(ExtensibilityGlobals) = postSolution
		SolutionGuid = {3B4234A8-3F13-482B-AC10-0888040170D3}
	EndGlobalSection
EndGlobal
